
Microsoft Visual Studio Solution File, Format Version 12.00
# Visual Studio Version 16
VisualStudioVersion = 16.0.32901.82
MinimumVisualStudioVersion = 10.0.40219.1
Project("{2150E333-8FDC-42A3-9474-1A3956D46DE8}") = "Services", "Services", "{EEAB1DB3-ECC2-4A68-9CC0-0DB0EE24F3E5}"
EndProject
Project("{2150E333-8FDC-42A3-9474-1A3956D46DE8}") = "Product", "Product", "{5EDF394C-E8E6-489E-B72E-928E98F43C65}"
EndProject
Project("{9A19103F-16F7-4668-BE54-9A1E7A4F7556}") = "Product.API", "Services\Product\Product.API\Product.API.csproj", "{9DDB92CF-8D0A-4165-9187-E7F6D9CA06E0}"
EndProject
Project("{2150E333-8FDC-42A3-9474-1A3956D46DE8}") = "ApiGateways", "ApiGateways", "{D2B5F8BA-9E5B-40E2-B34C-D2BC5249113B}"
EndProject
Project("{2150E333-8FDC-42A3-9474-1A3956D46DE8}") = "WebApps", "WebApps", "{2E6C10CE-EA54-422B-9A10-681D89F5685B}"
EndProject
Project("{2150E333-8FDC-42A3-9474-1A3956D46DE8}") = "Common", "Common", "{B4774F75-888B-4B30-8BE9-2C294E4ACDB9}"
EndProject
Project("{2150E333-8FDC-42A3-9474-1A3956D46DE8}") = "Order", "Order", "{23F9D98C-709D-4023-9C59-05CC2FEEBA80}"
EndProject
Project("{2150E333-8FDC-42A3-9474-1A3956D46DE8}") = "Sourcing", "Sourcing", "{CBE93603-C11A-401F-AB7B-C6BB04A8FA6F}"
EndProject
Project("{E53339B2-1760-4266-BCC7-CA923CBCF16C}") = "docker-compose", "docker-compose.dcproj", "{E020FE98-A475-4A52-9B35-8B67D5AB971B}"
EndProject
Project("{FAE04EC0-301F-11D3-BF4B-00C04F79EFBC}") = "Sourcing.API", "Services\Sourcing\Sourcing.API\Sourcing.API.csproj", "{A86123FC-2579-47D8-9BAE-B723C53FE4B9}"
EndProject
Global
	GlobalSection(SolutionConfigurationPlatforms) = preSolution
		Debug|Any CPU = Debug|Any CPU
		Release|Any CPU = Release|Any CPU
	EndGlobalSection
	GlobalSection(ProjectConfigurationPlatforms) = postSolution
		{9DDB92CF-8D0A-4165-9187-E7F6D9CA06E0}.Debug|Any CPU.ActiveCfg = Debug|Any CPU
		{9DDB92CF-8D0A-4165-9187-E7F6D9CA06E0}.Debug|Any CPU.Build.0 = Debug|Any CPU
		{9DDB92CF-8D0A-4165-9187-E7F6D9CA06E0}.Release|Any CPU.ActiveCfg = Release|Any CPU
		{9DDB92CF-8D0A-4165-9187-E7F6D9CA06E0}.Release|Any CPU.Build.0 = Release|Any CPU
		{E020FE98-A475-4A52-9B35-8B67D5AB971B}.Debug|Any CPU.ActiveCfg = Debug|Any CPU
		{E020FE98-A475-4A52-9B35-8B67D5AB971B}.Debug|Any CPU.Build.0 = Debug|Any CPU
		{E020FE98-A475-4A52-9B35-8B67D5AB971B}.Release|Any CPU.ActiveCfg = Release|Any CPU
		{E020FE98-A475-4A52-9B35-8B67D5AB971B}.Release|Any CPU.Build.0 = Release|Any CPU
		{A86123FC-2579-47D8-9BAE-B723C53FE4B9}.Debug|Any CPU.ActiveCfg = Debug|Any CPU
		{A86123FC-2579-47D8-9BAE-B723C53FE4B9}.Debug|Any CPU.Build.0 = Debug|Any CPU
		{A86123FC-2579-47D8-9BAE-B723C53FE4B9}.Release|Any CPU.ActiveCfg = Release|Any CPU
		{A86123FC-2579-47D8-9BAE-B723C53FE4B9}.Release|Any CPU.Build.0 = Release|Any CPU
	EndGlobalSection
	GlobalSection(SolutionProperties) = preSolution
		HideSolutionNode = FALSE
	EndGlobalSection
	GlobalSection(NestedProjects) = preSolution
		{5EDF394C-E8E6-489E-B72E-928E98F43C65} = {EEAB1DB3-ECC2-4A68-9CC0-0DB0EE24F3E5}
		{9DDB92CF-8D0A-4165-9187-E7F6D9CA06E0} = {5EDF394C-E8E6-489E-B72E-928E98F43C65}
		{B4774F75-888B-4B30-8BE9-2C294E4ACDB9} = {EEAB1DB3-ECC2-4A68-9CC0-0DB0EE24F3E5}
		{23F9D98C-709D-4023-9C59-05CC2FEEBA80} = {EEAB1DB3-ECC2-4A68-9CC0-0DB0EE24F3E5}
		{CBE93603-C11A-401F-AB7B-C6BB04A8FA6F} = {EEAB1DB3-ECC2-4A68-9CC0-0DB0EE24F3E5}
		{A86123FC-2579-47D8-9BAE-B723C53FE4B9} = {2E6C10CE-EA54-422B-9A10-681D89F5685B}
	EndGlobalSection
	GlobalSection(ExtensibilityGlobals) = postSolution
		SolutionGuid = {B12AC4C2-41A7-4038-8AFF-8B1440B7D521}
	EndGlobalSection
EndGlobal
